{
  "name": "startbootstrap-sb-admin",
  "version": "7.0.7",
  "lockfileVersion": 1,
  "requires": true,
  "dependencies": {
    "@fortawesome/fontawesome-free": {
      "version": "6.4.0",
      "resolved": "https://registry.npmjs.org/@fortawesome/fontawesome-free/-/fontawesome-free-6.4.0.tgz",
      "integrity": "sha512-0NyytTlPJwB/BF5LtRV8rrABDbe3TdTXqNB3PdZ+UUUZAEIrdOJdmABqKjt4AXwIoJNaRVVZEXxpNrqvE1GAYQ=="
    },
    "@popperjs/core": {
      "version": "2.11.7",
      "resolved": "https://registry.npmjs.org/@popperjs/core/-/core-2.11.7.tgz",
      "integrity": "sha512-Cr4OjIkipTtcXKjAsm8agyleBuDHvxzeBoa1v543lbv1YaIwQjESsVcmjiWiPEbC1FIeHOG/Op9kdCmAmiS3Kw=="
    },
    "@yaireo/tagify": {
      "version": "3.25.0",
      "resolved": "https://registry.npmjs.org/@yaireo/tagify/-/tagify-3.25.0.tgz",
      "integrity": "sha512-aBRkGDkWdv6ZnRUCcA0mBIK5f3YegnxlFO9vj9zN5zSAUO90m2v5TsOPYN60sk6RNU/y556oc8jAmeSY7FUvaQ=="
    },
    "bootbox": {
      "version": "6.0.0",
      "resolved": "https://registry.npmjs.org/bootbox/-/bootbox-6.0.0.tgz",
      "integrity": "sha512-+Calbj1v5UvxAXXDAHfoBlsx63Hcz1JqHaZdJ5EjIcOlkyAbZLCreVScx0Em6ZUvsMCqynuz/3nGDyd9FtFrNQ=="
    },
    "bootstrap": {
      "version": "5.2.3",
      "resolved": "https://registry.npmjs.org/bootstrap/-/bootstrap-5.2.3.tgz",
      "integrity": "sha512-cEKPM+fwb3cT8NzQZYEu4HilJ3anCrWqh3CHAok1p9jXqMPsPTBhU25fBckEJHJ/p+tTxTFTsFQGM+gaHpi3QQ=="
    },
    "bootstrap-icons": {
      "version": "1.10.3",
      "resolved": "https://registry.npmjs.org/bootstrap-icons/-/bootstrap-icons-1.10.3.tgz",
      "integrity": "sha512-7Qvj0j0idEm/DdX9Q0CpxAnJYqBCFCiUI6qzSPYfERMcokVuV9Mdm/AJiVZI8+Gawe4h/l6zFcOzvV7oXCZArw=="
    },
    "bootstrap-table": {
      "version": "1.21.3",
      "resolved": "https://registry.npmjs.org/bootstrap-table/-/bootstrap-table-1.21.3.tgz",
      "integrity": "sha512-y6PLHxJJVqIVXoMWrnwPsA8dKqvy9An8Iz7WuuimuLU1i0jIT9+Xzg6NXqBBilHOwp0dUAw9vfgNLvCVq2wdJQ=="
    },
    "bootstrap4-toggle": {
      "version": "3.6.1",
      "resolved": "https://registry.npmjs.org/bootstrap4-toggle/-/bootstrap4-toggle-3.6.1.tgz",
      "integrity": "sha1-hn8sNQcnAi5jWOwNQ+Q7fPtgn3Q="
    },
    "clipboard": {
      "version": "2.0.11",
      "resolved": "https://registry.npmjs.org/clipboard/-/clipboard-2.0.11.tgz",
      "integrity": "sha512-C+0bbOqkezLIsmWSvlsXS0Q0bmkugu7jcfMIACB+RDEntIzQIkdr148we28AfSloQLRdZlYL/QYyrq05j/3Faw==",
      "requires": {
        "good-listener": "^1.2.2",
        "select": "^1.1.2",
        "tiny-emitter": "^2.0.0"
      }
    },
    "delegate": {
      "version": "3.2.0",
      "resolved": "https://registry.npmjs.org/delegate/-/delegate-3.2.0.tgz",
      "integrity": "sha512-IofjkYBZaZivn0V8nnsMJGBr4jVLxHDheKSW88PyxS5QC4Vo9ZbZVvhzlSxY87fVq3STR6r+4cGepyHkcWOQSw=="
    },
    "good-listener": {
      "version": "1.2.2",
      "resolved": "https://registry.npmjs.org/good-listener/-/good-listener-1.2.2.tgz",
      "integrity": "sha512-goW1b+d9q/HIwbVYZzZ6SsTr4IgE+WA44A0GmPIQstuOrgsFcT7VEJ48nmr9GaRtNu0XTKacFLGnBPAM6Afouw==",
      "requires": {
        "delegate": "^3.1.2"
      }
    },
    "highcharts": {
      "version": "8.2.2",
      "resolved": "https://registry.npmjs.org/highcharts/-/highcharts-8.2.2.tgz",
      "integrity": "sha1-PrGmlM/wE9M4XDyo5Y5ponvlLKs="
    },
    "inputmask": {
      "version": "5.0.8",
      "resolved": "https://registry.npmjs.org/inputmask/-/inputmask-5.0.8.tgz",
      "integrity": "sha512-1WcbyudPTXP1B28ozWWyFa6QRIUG4KiLoyR6LFHlpT4OfTzRqFfWgHFadNvRuMN1S9XNVz9CdNvCGjJi+uAMqQ=="
    },
    "jquery": {
      "version": "3.6.4",
      "resolved": "https://registry.npmjs.org/jquery/-/jquery-3.6.4.tgz",
      "integrity": "sha512-v28EW9DWDFpzcD9O5iyJXg3R3+q+mET5JhnjJzQUZMHOv67bpSIHq81GEYpPNZHG+XXHsfSme3nxp/hndKEcsQ=="
    },
    "jquery-mask-plugin": {
      "version": "1.14.16",
      "resolved": "https://registry.npmjs.org/jquery-mask-plugin/-/jquery-mask-plugin-1.14.16.tgz",
      "integrity": "sha512-reywdHlYEkPbzWjTpcc1fk9XQ3PLvO5dzEAVqy8zI7NTF22tB1HbeU3iboZTLdkBEPaWAqeI2HtEjsGQ4roZKw=="
    },
    "jquery-validation": {
      "version": "1.19.5",
      "resolved": "https://registry.npmjs.org/jquery-validation/-/jquery-validation-1.19.5.tgz",
      "integrity": "sha512-X2SmnPq1mRiDecVYL8edWx+yTBZDyC8ohWXFhXdtqFHgU9Wd4KHkvcbCoIZ0JaSaumzS8s2gXSkP8F7ivg/8ZQ=="
    },
    "jquery.easing": {
      "version": "1.4.1",
      "resolved": "https://registry.npmjs.org/jquery.easing/-/jquery.easing-1.4.1.tgz",
      "integrity": "sha1-R5gsWDa9dY/UhJSSPEoQHvbpPjs="
    },
    "js-tokens": {
      "version": "4.0.0",
      "resolved": "https://registry.npmjs.org/js-tokens/-/js-tokens-4.0.0.tgz",
      "integrity": "sha1-GSA/tZmR35jjoocFDUZHzerzJJk="
    },
    "loose-envify": {
      "version": "1.4.0",
      "resolved": "https://registry.npmjs.org/loose-envify/-/loose-envify-1.4.0.tgz",
      "integrity": "sha1-ce5R+nvkyuwaY4OffmgtgTLTDK8=",
      "requires": {
        "js-tokens": "^3.0.0 || ^4.0.0"
      }
    },
    "material-icons": {
      "version": "0.5.5",
      "resolved": "https://registry.npmjs.org/material-icons/-/material-icons-0.5.5.tgz",
      "integrity": "sha512-pifjWoBgSziE58FJ+00FYy4IJoKsCCiuye+DyWCxZbPr0b4D2vt3cBViibJP6tU53B2Zqe1BIDgVVeAKMQpr7Q=="
    },
    "moment": {
      "version": "2.29.4",
      "resolved": "https://registry.npmjs.org/moment/-/moment-2.29.4.tgz",
      "integrity": "sha512-5LC9SOxjSc2HF6vO2CyuTDNivEdoz2IvyJJGj6X8DJ0eFyfszE0QiEd+iXmBvUP3WHxSjFH/vIsA0EN00cgr8w=="
    },
    "moment-timezone": {
      "version": "0.5.42",
      "resolved": "https://registry.npmjs.org/moment-timezone/-/moment-timezone-0.5.42.tgz",
      "integrity": "sha512-tjI9goqwzkflKSTxJo+jC/W8riTFwEjjunssmFvAWlvNVApjbkJM7UHggyKO0q1Fd/kZVKY77H7C9A0XKhhAFw==",
      "requires": {
        "moment": "^2.29.4"
      }
    },
    "object-assign": {
      "version": "4.1.1",
      "resolved": "https://registry.npmjs.org/object-assign/-/object-assign-4.1.1.tgz",
      "integrity": "sha512-rJgTQnkUnH1sFw8yT6VSU3zD3sWmu6sZhIseY8VX+GRu3P6F7Fu+JNDoXfklElbLJSnc3FUQHVe4cU5hj+BcUg=="
    },
    "popper.js": {
      "version": "1.16.1",
      "resolved": "https://registry.npmjs.org/popper.js/-/popper.js-1.16.1.tgz",
      "integrity": "sha1-KiI8s9x7YhPXQOQDcr5A3kPmWxs="
    },
    "prop-types": {
      "version": "15.8.1",
      "resolved": "https://registry.npmjs.org/prop-types/-/prop-types-15.8.1.tgz",
      "integrity": "sha512-oj87CgZICdulUohogVAR7AjlC0327U4el4L6eAvOqCeudMDVU0NThNaV+b9Df4dXgSP1gXMTnPdhfe/2qDH5cg==",
      "requires": {
        "loose-envify": "^1.4.0",
        "object-assign": "^4.1.1",
        "react-is": "^16.13.1"
      }
    },
    "react-is": {
      "version": "16.13.1",
      "resolved": "https://registry.npmjs.org/react-is/-/react-is-16.13.1.tgz",
      "integrity": "sha1-eJcppNw23imZ3BVt1sHZwYzqVqQ="
    },
    "select": {
      "version": "1.1.2",
      "resolved": "https://registry.npmjs.org/select/-/select-1.1.2.tgz",
      "integrity": "sha512-OwpTSOfy6xSs1+pwcNrv0RBMOzI39Lp3qQKUTPVVPRjCdNa5JH/oPRiqsesIskK8TVgmRiHwO4KXlV2Li9dANA=="
    },
    "select2": {
      "version": "4.1.0-rc.0",
      "resolved": "https://registry.npmjs.org/select2/-/select2-4.1.0-rc.0.tgz",
      "integrity": "sha1-ujzTkB3aAVXhwCGatBt0ulHqItg="
    },
    "select2-bootstrap-5-theme": {
      "version": "1.3.0",
      "resolved": "https://registry.npmjs.org/select2-bootstrap-5-theme/-/select2-bootstrap-5-theme-1.3.0.tgz",
      "integrity": "sha512-uEJDruP4tmwyKcs3V0oP7CIsyC45PGF5ddo8unwTp8OucJ1PSuTOBr+xbWaHTQPGnvp7N96psVQ5UBMQvFCcHA==",
      "requires": {
        "bootstrap": "^5.1.3"
      }
    },
    "swagger-ui-dist": {
      "version": "3.52.5",
      "resolved": "https://registry.npmjs.org/swagger-ui-dist/-/swagger-ui-dist-3.52.5.tgz",
      "integrity": "sha512-8z18eX8G/jbTXYzyNIaobrnD7PSN7yU/YkSasMmajrXtw0FGS64XjrKn5v37d36qmU3o1xLeuYnktshRr7uIFw=="
    },
    "symfony-collection": {
      "version": "2.1.30",
      "resolved": "https://registry.npmjs.org/symfony-collection/-/symfony-collection-2.1.30.tgz",
      "integrity": "sha1-ybUKvsGggKZpSXPZGXXRrPFO+zE=",
      "requires": {
        "jquery": ">=1.7",
        "jquery-ui": ">=1.0"
      },
      "dependencies": {
        "jquery": {
          "version": "3.5.1",
          "resolved": "https://registry.npmjs.org/jquery/-/jquery-3.5.1.tgz",
          "integrity": "sha1-17TQjhv9uGrS8aPQOeoXMEcXq7U="
        },
        "jquery-ui": {
          "version": "1.12.1",
          "resolved": "https://registry.npmjs.org/jquery-ui/-/jquery-ui-1.12.1.tgz",
          "integrity": "sha1-vLQEXI3QU5wTS8FIjN0+dop6nlE="
        }
      }
    },
    "tempusdominus-bootstrap-4": {
      "version": "5.39.2",
      "resolved": "https://registry.npmjs.org/tempusdominus-bootstrap-4/-/tempusdominus-bootstrap-4-5.39.2.tgz",
      "integrity": "sha512-8Au4miSAsMGdsElPg87EUmsN7aGJFaRA5Y8Ale7dDTfhhnQL1Za53LclIJkq+t/7NO5+Ufr1jY7tmEPvWGHaVg==",
      "requires": {
        "bootstrap": "^4.6.1",
        "jquery": "^3.6.0",
        "moment": "^2.29.2",
        "moment-timezone": "^0.5.34",
        "popper.js": "^1.16.1"
      },
      "dependencies": {
        "bootstrap": {
          "version": "4.6.2",
          "resolved": "https://registry.npmjs.org/bootstrap/-/bootstrap-4.6.2.tgz",
          "integrity": "sha512-51Bbp/Uxr9aTuy6ca/8FbFloBUJZLHwnhTcnjIeRn2suQWsWzcuJhGjKDB5eppVte/8oCdOL3VuwxvZDUggwGQ=="
        }
      }
    },
    "tempusdominus-core": {
      "version": "5.19.3",
      "resolved": "https://registry.npmjs.org/tempusdominus-core/-/tempusdominus-core-5.19.3.tgz",
      "integrity": "sha512-WXBVXcBG/hErB6u9gdUs+vzANvCU1kd1ykzL4kolPB3h1OEv20OKUW5qz1iynxyqRFPa1NWY9gwRu5d+MjXEuQ==",
      "requires": {
        "jquery": "^3.6.0",
        "moment": "~2.29.2",
        "moment-timezone": "^0.5.34"
      }
    },
    "tiny-emitter": {
      "version": "2.1.0",
      "resolved": "https://registry.npmjs.org/tiny-emitter/-/tiny-emitter-2.1.0.tgz",
      "integrity": "sha512-NB6Dk1A9xgQPMoGqC5CVXn123gWyte215ONT5Pp5a0yt4nlEoO1ZWeCwpncaekPHXO60i47ihFnZPiRPjRMq4Q=="
    }
  }
}
