{
  "name": "basic-theme-bundle",
  "version": "1.0.0",
  "lockfileVersion": 1,
  "requires": true,
  "dependencies": {
    "@ttskch/select2-bootstrap4-theme": {
      "version": "1.5.2",
      "resolved": "https://registry.npmjs.org/@ttskch/select2-bootstrap4-theme/-/select2-bootstrap4-theme-1.5.2.tgz",
      "integrity": "sha512-gAj8qNy/VYwQDBkACm0USM66kxFai8flX83ayRXPNhzZckEgSqIBB9sM74SCM3ssgeX+ZVy4BifTnLis+KpIyg=="
    },
    "@yaireo/tagify": {
      "version": "3.25.0",
      "resolved": "https://registry.npmjs.org/@yaireo/tagify/-/tagify-3.25.0.tgz",
      "integrity": "sha512-aBRkGDkWdv6ZnRUCcA0mBIK5f3YegnxlFO9vj9zN5zSAUO90m2v5TsOPYN60sk6RNU/y556oc8jAmeSY7FUvaQ=="
    },
    "bootbox": {
      "version": "5.5.2",
      "resolved": "https://registry.npmjs.org/bootbox/-/bootbox-5.5.2.tgz",
      "integrity": "sha1-pCAKoD8S/+TQeQWDTp37duUs7gA=",
      "requires": {
        "bootstrap": "^4.4.0",
        "jquery": "^3.5.1",
        "popper.js": "^1.16.0"
      }
    },
    "bootstrap": {
      "version": "4.6.0",
      "resolved": "https://registry.npmjs.org/bootstrap/-/bootstrap-4.6.0.tgz",
      "integrity": "sha1-l7nymsmPmN+kO/dGgmLYQ5JVL9c="
    },
    "bootstrap-icons": {
      "version": "1.5.0",
      "resolved": "https://registry.npmjs.org/bootstrap-icons/-/bootstrap-icons-1.5.0.tgz",
      "integrity": "sha512-44feMc7DE1Ccpsas/1wioN8ewFJNquvi5FewA06wLnqct7CwMdGDVy41ieHaacogzDqLfG8nADIvMNp9e4bfbA=="
    },
    "bootstrap4-toggle": {
      "version": "3.6.1",
      "resolved": "https://registry.npmjs.org/bootstrap4-toggle/-/bootstrap4-toggle-3.6.1.tgz",
      "integrity": "sha1-hn8sNQcnAi5jWOwNQ+Q7fPtgn3Q="
    },
    "clipboard": {
      "version": "2.0.8",
      "resolved": "https://registry.npmjs.org/clipboard/-/clipboard-2.0.8.tgz",
      "integrity": "sha512-Y6WO0unAIQp5bLmk1zdThRhgJt/x3ks6f30s3oE3H1mgIEU33XyQjEf8gsf6DxC7NPX8Y1SsNWjUjL/ywLnnbQ==",
      "requires": {
        "good-listener": "^1.2.2",
        "select": "^1.1.2",
        "tiny-emitter": "^2.0.0"
      }
    },
    "delegate": {
      "version": "3.2.0",
      "resolved": "https://registry.npmjs.org/delegate/-/delegate-3.2.0.tgz",
      "integrity": "sha512-IofjkYBZaZivn0V8nnsMJGBr4jVLxHDheKSW88PyxS5QC4Vo9ZbZVvhzlSxY87fVq3STR6r+4cGepyHkcWOQSw=="
    },
    "font-awesome": {
      "version": "4.7.0",
      "resolved": "https://registry.npmjs.org/font-awesome/-/font-awesome-4.7.0.tgz",
      "integrity": "sha1-j6jPBBGhoxr9B7BtKQK7n8gVoTM="
    },
    "good-listener": {
      "version": "1.2.2",
      "resolved": "https://registry.npmjs.org/good-listener/-/good-listener-1.2.2.tgz",
      "integrity": "sha1-1TswzfkxPf+33JoNR3CWqm0UXFA=",
      "requires": {
        "delegate": "^3.1.2"
      }
    },
    "highcharts": {
      "version": "8.2.2",
      "resolved": "https://registry.npmjs.org/highcharts/-/highcharts-8.2.2.tgz",
      "integrity": "sha1-PrGmlM/wE9M4XDyo5Y5ponvlLKs="
    },
    "inputmask": {
      "version": "5.0.6",
      "resolved": "https://registry.npmjs.org/inputmask/-/inputmask-5.0.6.tgz",
      "integrity": "sha512-/QjZuOEB7fJKMEu3xKL3LlycctMmK53Zr/fGSFtcjrfYxXks93iptutYowWNR1oUsHr2QIzy6V3MMYz07P2Cfw=="
    },
    "jquery": {
      "version": "3.5.1",
      "resolved": "https://registry.npmjs.org/jquery/-/jquery-3.5.1.tgz",
      "integrity": "sha1-17TQjhv9uGrS8aPQOeoXMEcXq7U="
    },
    "jquery.easing": {
      "version": "1.4.1",
      "resolved": "https://registry.npmjs.org/jquery.easing/-/jquery.easing-1.4.1.tgz",
      "integrity": "sha1-R5gsWDa9dY/UhJSSPEoQHvbpPjs="
    },
    "js-tokens": {
      "version": "4.0.0",
      "resolved": "https://registry.npmjs.org/js-tokens/-/js-tokens-4.0.0.tgz",
      "integrity": "sha1-GSA/tZmR35jjoocFDUZHzerzJJk="
    },
    "loose-envify": {
      "version": "1.4.0",
      "resolved": "https://registry.npmjs.org/loose-envify/-/loose-envify-1.4.0.tgz",
      "integrity": "sha1-ce5R+nvkyuwaY4OffmgtgTLTDK8=",
      "requires": {
        "js-tokens": "^3.0.0 || ^4.0.0"
      }
    },
    "material-icons": {
      "version": "0.5.5",
      "resolved": "https://registry.npmjs.org/material-icons/-/material-icons-0.5.5.tgz",
      "integrity": "sha512-pifjWoBgSziE58FJ+00FYy4IJoKsCCiuye+DyWCxZbPr0b4D2vt3cBViibJP6tU53B2Zqe1BIDgVVeAKMQpr7Q=="
    },
    "moment": {
      "version": "2.29.1",
      "resolved": "https://registry.npmjs.org/moment/-/moment-2.29.1.tgz",
      "integrity": "sha1-sr52n6MZQL6e7qZGnAdeNQBvo9M="
    },
    "moment-timezone": {
      "version": "0.5.31",
      "resolved": "https://registry.npmjs.org/moment-timezone/-/moment-timezone-0.5.31.tgz",
      "integrity": "sha1-nEDYxQJvDHq0bto9Y+ScFVFI3gU=",
      "requires": {
        "moment": ">= 2.9.0"
      }
    },
    "object-assign": {
      "version": "4.1.1",
      "resolved": "https://registry.npmjs.org/object-assign/-/object-assign-4.1.1.tgz",
      "integrity": "sha1-IQmtx5ZYh8/AXLvUQsrIv7s2CGM="
    },
    "popper.js": {
      "version": "1.16.1",
      "resolved": "https://registry.npmjs.org/popper.js/-/popper.js-1.16.1.tgz",
      "integrity": "sha1-KiI8s9x7YhPXQOQDcr5A3kPmWxs="
    },
    "prop-types": {
      "version": "15.7.2",
      "resolved": "https://registry.npmjs.org/prop-types/-/prop-types-15.7.2.tgz",
      "integrity": "sha1-UsQedbjIfnK52TYOAga5ncv/psU=",
      "requires": {
        "loose-envify": "^1.4.0",
        "object-assign": "^4.1.1",
        "react-is": "^16.8.1"
      }
    },
    "react-is": {
      "version": "16.13.1",
      "resolved": "https://registry.npmjs.org/react-is/-/react-is-16.13.1.tgz",
      "integrity": "sha1-eJcppNw23imZ3BVt1sHZwYzqVqQ="
    },
    "select": {
      "version": "1.1.2",
      "resolved": "https://registry.npmjs.org/select/-/select-1.1.2.tgz",
      "integrity": "sha1-DnNQrN7ICxEIUoeG7B1EGNEbOW0="
    },
    "select2": {
      "version": "4.1.0-rc.0",
      "resolved": "https://registry.npmjs.org/select2/-/select2-4.1.0-rc.0.tgz",
      "integrity": "sha1-ujzTkB3aAVXhwCGatBt0ulHqItg="
    },
    "swagger-ui-dist": {
      "version": "3.50.0",
      "resolved": "https://registry.npmjs.org/swagger-ui-dist/-/swagger-ui-dist-3.50.0.tgz",
      "integrity": "sha512-BklniOBPlvZ6M9oGkhUwOf5HvxhkHBIycXN3ndju8WlLmi1xfMSdOA2AR6pNswlwURzsZUe1rh80aUyjnpD+Zw=="
    },
    "symfony-collection": {
      "version": "2.1.30",
      "resolved": "https://registry.npmjs.org/symfony-collection/-/symfony-collection-2.1.30.tgz",
      "integrity": "sha1-ybUKvsGggKZpSXPZGXXRrPFO+zE=",
      "requires": {
        "jquery": ">=1.7",
        "jquery-ui": ">=1.0"
      },
      "dependencies": {
        "jquery": {
          "version": "3.5.1",
          "resolved": "https://registry.npmjs.org/jquery/-/jquery-3.5.1.tgz",
          "integrity": "sha1-17TQjhv9uGrS8aPQOeoXMEcXq7U="
        },
        "jquery-ui": {
          "version": "1.12.1",
          "resolved": "https://registry.npmjs.org/jquery-ui/-/jquery-ui-1.12.1.tgz",
          "integrity": "sha1-vLQEXI3QU5wTS8FIjN0+dop6nlE="
        }
      }
    },
    "tempusdominus-bootstrap-4": {
      "version": "5.39.0",
      "resolved": "https://registry.npmjs.org/tempusdominus-bootstrap-4/-/tempusdominus-bootstrap-4-5.39.0.tgz",
      "integrity": "sha1-8T3P7GxBs3xf5Qnwi9UTWQxkQR8=",
      "requires": {
        "bootstrap": "^4.5.2",
        "jquery": "^3.5.1",
        "moment": "^2.29.0",
        "moment-timezone": "^0.5.31",
        "popper.js": "^1.16.1"
      },
      "dependencies": {
        "moment": {
          "version": "2.29.1",
          "resolved": "https://registry.npmjs.org/moment/-/moment-2.29.1.tgz",
          "integrity": "sha1-sr52n6MZQL6e7qZGnAdeNQBvo9M="
        }
      }
    },
    "tempusdominus-core": {
      "version": "5.19.0",
      "resolved": "https://registry.npmjs.org/tempusdominus-core/-/tempusdominus-core-5.19.0.tgz",
      "integrity": "sha1-zL0sNRCbCkuWxhUT5T4BdexIlr0=",
      "requires": {
        "jquery": "^3.5.0",
        "moment": "~2.24.0",
        "moment-timezone": "^0.5.28"
      },
      "dependencies": {
        "moment": {
          "version": "2.24.0",
          "resolved": "https://registry.npmjs.org/moment/-/moment-2.24.0.tgz",
          "integrity": "sha1-DQVdU/UFKqZTyfbraLtdEr9cK1s="
        }
      }
    },
    "tiny-emitter": {
      "version": "2.1.0",
      "resolved": "https://registry.npmjs.org/tiny-emitter/-/tiny-emitter-2.1.0.tgz",
      "integrity": "sha512-NB6Dk1A9xgQPMoGqC5CVXn123gWyte215ONT5Pp5a0yt4nlEoO1ZWeCwpncaekPHXO60i47ihFnZPiRPjRMq4Q=="
    }
  }
}
